
Microsoft Visual Studio Solution File, Format Version 12.00
# Visual Studio 15
VisualStudioVersion = 15.0.27130.2027
MinimumVisualStudioVersion = 10.0.40219.1
Project("{888888A0-9F3D-457C-B088-3A5042F75D52}") = "CarND-Advanced-Lane-Lines", "CarND-Advanced-Lane-Lines.pyproj", "{3BDE34C9-8A03-4B23-871E-3A1A92EECE5D}"
EndProject
Global
	GlobalSection(SolutionConfigurationPlatforms) = preSolution
		Debug|Any CPU = Debug|Any CPU
		Release|Any CPU = Release|Any CPU
	EndGlobalSection
	GlobalSection(ProjectConfigurationPlatforms) = postSolution
		{3BDE34C9-8A03-4B23-871E-3A1A92EECE5D}.Debug|Any CPU.ActiveCfg = Debug|Any CPU
		{3BDE34C9-8A03-4B23-871E-3A1A92EECE5D}.Release|Any CPU.ActiveCfg = Release|Any CPU
	EndGlobalSection
	GlobalSection(SolutionProperties) = preSolution
		HideSolutionNode = FALSE
	EndGlobalSection
	GlobalSection(ExtensibilityGlobals) = postSolution
		SolutionGuid = {41B1DD47-760F-4B71-AB51-C11EF82D3103}
	EndGlobalSection
EndGlobal
